
Microsoft Visual Studio Solution File, Format Version 12.00
# Visual Studio Version 17
VisualStudioVersion = 17.0.31903.59
MinimumVisualStudioVersion = 10.0.40219.1
Project("{FAE04EC0-301F-11D3-BF4B-00C04F79EFBC}") = "CatalogLib", "CatalogLib\CatalogLib.csproj", "{53D00ADB-75AF-4F60-AEA7-28ED0A9287DF}"
EndProject
Project("{FAE04EC0-301F-11D3-BF4B-00C04F79EFBC}") = "OnlineShoppingPortal", "OnlineShoppingPortal\OnlineShoppingPortal.csproj", "{8F7E55AB-EA1D-458A-8DC6-8CD40362B464}"
EndProject
Global
	GlobalSection(SolutionConfigurationPlatforms) = preSolution
		Debug|Any CPU = Debug|Any CPU
		Release|Any CPU = Release|Any CPU
	EndGlobalSection
	GlobalSection(SolutionProperties) = preSolution
		HideSolutionNode = FALSE
	EndGlobalSection
	GlobalSection(ProjectConfigurationPlatforms) = postSolution
		{53D00ADB-75AF-4F60-AEA7-28ED0A9287DF}.Debug|Any CPU.ActiveCfg = Debug|Any CPU
		{53D00ADB-75AF-4F60-AEA7-28ED0A9287DF}.Debug|Any CPU.Build.0 = Debug|Any CPU
		{53D00ADB-75AF-4F60-AEA7-28ED0A9287DF}.Release|Any CPU.ActiveCfg = Release|Any CPU
		{53D00ADB-75AF-4F60-AEA7-28ED0A9287DF}.Release|Any CPU.Build.0 = Release|Any CPU
		{8F7E55AB-EA1D-458A-8DC6-8CD40362B464}.Debug|Any CPU.ActiveCfg = Debug|Any CPU
		{8F7E55AB-EA1D-458A-8DC6-8CD40362B464}.Debug|Any CPU.Build.0 = Debug|Any CPU
		{8F7E55AB-EA1D-458A-8DC6-8CD40362B464}.Release|Any CPU.ActiveCfg = Release|Any CPU
		{8F7E55AB-EA1D-458A-8DC6-8CD40362B464}.Release|Any CPU.Build.0 = Release|Any CPU
	EndGlobalSection
EndGlobal
